
Microsoft Visual Studio Solution File, Format Version 12.00
# Visual Studio Version 17
VisualStudioVersion = 17.2.32616.157
MinimumVisualStudioVersion = 10.0.40219.1
Project("{FAE04EC0-301F-11D3-BF4B-00C04F79EFBC}") = "SentIt", "SentIt\SentIt.csproj", "{8A83D865-DF4E-4022-B4F9-9B56B501A1B6}"
EndProject
Global
	GlobalSection(SolutionConfigurationPlatforms) = preSolution
		Debug|Any CPU = Debug|Any CPU
		Release|Any CPU = Release|Any CPU
	EndGlobalSection
	GlobalSection(ProjectConfigurationPlatforms) = postSolution
		{8A83D865-DF4E-4022-B4F9-9B56B501A1B6}.Debug|Any CPU.ActiveCfg = Debug|Any CPU
		{8A83D865-DF4E-4022-B4F9-9B56B501A1B6}.Debug|Any CPU.Build.0 = Debug|Any CPU
		{8A83D865-DF4E-4022-B4F9-9B56B501A1B6}.Release|Any CPU.ActiveCfg = Release|Any CPU
		{8A83D865-DF4E-4022-B4F9-9B56B501A1B6}.Release|Any CPU.Build.0 = Release|Any CPU
	EndGlobalSection
	GlobalSection(SolutionProperties) = preSolution
		HideSolutionNode = FALSE
	EndGlobalSection
	GlobalSection(ExtensibilityGlobals) = postSolution
		SolutionGuid = {93E7CC4F-394D-4957-B2B6-E96816BE0A46}
	EndGlobalSection
EndGlobal
